// !$*UTF8*$!
{
	archiveVersion = 1;
	classes = {
	};
	objectVersion = 50;
	objects = {

/* Begin PBXBuildFile section */
		3AFB836325B8DFA60070F8B6 /* AppDelegate.swift in Sources */ = {isa = PBXBuildFile; fileRef = 3AFB836225B8DFA60070F8B6 /* AppDelegate.swift */; };
		3AFB836525B8DFA60070F8B6 /* SceneDelegate.swift in Sources */ = {isa = PBXBuildFile; fileRef = 3AFB836425B8DFA60070F8B6 /* SceneDelegate.swift */; };
		3AFB836725B8DFA60070F8B6 /* ViewController.swift in Sources */ = {isa = PBXBuildFile; fileRef = 3AFB836625B8DFA60070F8B6 /* ViewController.swift */; };
		3AFB836A25B8DFA60070F8B6 /* Main.storyboard in Resources */ = {isa = PBXBuildFile; fileRef = 3AFB836825B8DFA60070F8B6 /* Main.storyboard */; };
		3AFB836C25B8DFAA0070F8B6 /* Assets.xcassets in Resources */ = {isa = PBXBuildFile; fileRef = 3AFB836B25B8DFAA0070F8B6 /* Assets.xcassets */; };
		3AFB836F25B8DFAA0070F8B6 /* LaunchScreen.storyboard in Resources */ = {isa = PBXBuildFile; fileRef = 3AFB836D25B8DFAA0070F8B6 /* LaunchScreen.storyboard */; };
		3AFB837A25B8DFAA0070F8B6 /* PreworkTests.swift in Sources */ = {isa = PBXBuildFile; fileRef = 3AFB837925B8DFAA0070F8B6 /* PreworkTests.swift */; };
		3AFB838525B8DFAA0070F8B6 /* PreworkUITests.swift in Sources */ = {isa = PBXBuildFile; fileRef = 3AFB838425B8DFAA0070F8B6 /* PreworkUITests.swift */; };
/* End PBXBuildFile section */

/* Begin PBXContainerItemProxy section */
		3AFB837625B8DFAA0070F8B6 /* PBXContainerItemProxy */ = {
			isa = PBXContainerItemProxy;
			containerPortal = 3AFB835725B8DFA60070F8B6 /* Project object */;
			proxyType = 1;
			remoteGlobalIDString = 3AFB835E25B8DFA60070F8B6;
			remoteInfo = Prework;
		};
		3AFB838125B8DFAA0070F8B6 /* PBXContainerItemProxy */ = {
			isa = PBXContainerItemProxy;
			containerPortal = 3AFB835725B8DFA60070F8B6 /* Project object */;
			proxyType = 1;
			remoteGlobalIDString = 3AFB835E25B8DFA60070F8B6;
			remoteInfo = Prework;
		};
/* End PBXContainerItemProxy section */

/* Begin PBXFileReference section */
		3AFB835F25B8DFA60070F8B6 /* Prework.app */ = {isa = PBXFileReference; explicitFileType = wrapper.application; includeInIndex = 0; path = Prework.app; sourceTree = BUILT_PRODUCTS_DIR; };
		3AFB836225B8DFA60070F8B6 /* AppDelegate.swift */ = {isa = PBXFileReference; lastKnownFileType = sourcecode.swift; path = AppDelegate.swift; sourceTree = "<group>"; };
		3AFB836425B8DFA60070F8B6 /* SceneDelegate.swift */ = {isa = PBXFileReference; lastKnownFileType = sourcecode.swift; path = SceneDelegate.swift; sourceTree = "<group>"; };
		3AFB836625B8DFA60070F8B6 /* ViewController.swift */ = {isa = PBXFileReference; lastKnownFileType = sourcecode.swift; path = ViewController.swift; sourceTree = "<group>"; };
		3AFB836925B8DFA60070F8B6 /* Base */ = {isa = PBXFileReference; lastKnownFileType = file.storyboard; name = Base; path = Base.lproj/Main.storyboard; sourceTree = "<group>"; };
		3AFB836B25B8DFAA0070F8B6 /* Assets.xcassets */ = {isa = PBXFileReference; lastKnownFileType = folder.assetcatalog; path = Assets.xcassets; sourceTree = "<group>"; };
		3AFB836E25B8DFAA0070F8B6 /* Base */ = {isa = PBXFileReference; lastKnownFileType = file.storyboard; name = Base; path = Base.lproj/LaunchScreen.storyboard; sourceTree = "<group>"; };
		3AFB837025B8DFAA0070F8B6 /* Info.plist */ = {isa = PBXFileReference; lastKnownFileType = text.plist.xml; path = Info.plist; sourceTree = "<group>"; };
		3AFB837525B8DFAA0070F8B6 /* PreworkTests.xctest */ = {isa = PBXFileReference; explicitFileType = wrapper.cfbundle; includeInIndex = 0; path = PreworkTests.xctest; sourceTree = BUILT_PRODUCTS_DIR; };
		3AFB837925B8DFAA0070F8B6 /* PreworkTests.swift */ = {isa = PBXFileReference; lastKnownFileType = sourcecode.swift; path = PreworkTests.swift; sourceTree = "<group>"; };
		3AFB837B25B8DFAA0070F8B6 /* Info.plist */ = {isa = PBXFileReference; lastKnownFileType = text.plist.xml; path = Info.plist; sourceTree = "<group>"; };
		3AFB838025B8DFAA0070F8B6 /* PreworkUITests.xctest */ = {isa = PBXFileReference; explicitFileType = wrapper.cfbundle; includeInIndex = 0; path = PreworkUITests.xctest; sourceTree = BUILT_PRODUCTS_DIR; };
		3AFB838425B8DFAA0070F8B6 /* PreworkUITests.swift */ = {isa = PBXFileReference; lastKnownFileType = sourcecode.swift; path = PreworkUITests.swift; sourceTree = "<group>"; };
		3AFB838625B8DFAA0070F8B6 /* Info.plist */ = {isa = PBXFileReference; lastKnownFileType = text.plist.xml; path = Info.plist; sourceTree = "<group>"; };
/* End PBXFileReference section */

/* Begin PBXFrameworksBuildPhase section */
		3AFB835C25B8DFA60070F8B6 /* Frameworks */ = {
			isa = PBXFrameworksBuildPhase;
			buildActionMask = 2147483647;
			files = (
			);
			runOnlyForDeploymentPostprocessing = 0;
		};
		3AFB837225B8DFAA0070F8B6 /* Frameworks */ = {
			isa = PBXFrameworksBuildPhase;
			buildActionMask = 2147483647;
			files = (
			);
			runOnlyForDeploymentPostprocessing = 0;
		};
		3AFB837D25B8DFAA0070F8B6 /* Frameworks */ = {
			isa = PBXFrameworksBuildPhase;
			buildActionMask = 2147483647;
			files = (
			);
			runOnlyForDeploymentPostprocessing = 0;
		};
/* End PBXFrameworksBuildPhase section */

/* Begin PBXGroup section */
		3AFB835625B8DFA60070F8B6 = {
			isa = PBXGroup;
			children = (
				3AFB836125B8DFA60070F8B6 /* Prework */,
				3AFB837825B8DFAA0070F8B6 /* PreworkTests */,
				3AFB838325B8DFAA0070F8B6 /* PreworkUITests */,
				3AFB836025B8DFA60070F8B6 /* Products */,
			);
			sourceTree = "<group>";
		};
		3AFB836025B8DFA60070F8B6 /* Products */ = {
			isa = PBXGroup;
			children = (
				3AFB835F25B8DFA60070F8B6 /* Prework.app */,
				3AFB837525B8DFAA0070F8B6 /* PreworkTests.xctest */,
				3AFB838025B8DFAA0070F8B6 /* PreworkUITests.xctest */,
			);
			name = Products;
			sourceTree = "<group>";
		};
		3AFB836125B8DFA60070F8B6 /* Prework */ = {
			isa = PBXGroup;
			children = (
				3AFB836225B8DFA60070F8B6 /* AppDelegate.swift */,
				3AFB836425B8DFA60070F8B6 /* SceneDelegate.swift */,
				3AFB836625B8DFA60070F8B6 /* ViewController.swift */,
				3AFB836825B8DFA60070F8B6 /* Main.storyboard */,
				3AFB836B25B8DFAA0070F8B6 /* Assets.xcassets */,
				3AFB836D25B8DFAA0070F8B6 /* LaunchScreen.storyboard */,
				3AFB837025B8DFAA0070F8B6 /* Info.plist */,
			);
			path = Prework;
			sourceTree = "<group>";
		};
		3AFB837825B8DFAA0070F8B6 /* PreworkTests */ = {
			isa = PBXGroup;
			children = (
				3AFB837925B8DFAA0070F8B6 /* PreworkTests.swift */,
				3AFB837B25B8DFAA0070F8B6 /* Info.plist */,
			);
			path = PreworkTests;
			sourceTree = "<group>";
		};
		3AFB838325B8DFAA0070F8B6 /* PreworkUITests */ = {
			isa = PBXGroup;
			children = (
				3AFB838425B8DFAA0070F8B6 /* PreworkUITests.swift */,
				3AFB838625B8DFAA0070F8B6 /* Info.plist */,
			);
			path = PreworkUITests;
			sourceTree = "<group>";
		};
/* End PBXGroup section */

/* Begin PBXNativeTarget section */
		3AFB835E25B8DFA60070F8B6 /* Prework */ = {
			isa = PBXNativeTarget;
			buildConfigurationList = 3AFB838925B8DFAA0070F8B6 /* Build configuration list for PBXNativeTarget "Prework" */;
			buildPhases = (
				3AFB835B25B8DFA60070F8B6 /* Sources */,
				3AFB835C25B8DFA60070F8B6 /* Frameworks */,
				3AFB835D25B8DFA60070F8B6 /* Resources */,
			);
			buildRules = (
			);
			dependencies = (
			);
			name = Prework;
			productName = Prework;
			productReference = 3AFB835F25B8DFA60070F8B6 /* Prework.app */;
			productType = "com.apple.product-type.application";
		};
		3AFB837425B8DFAA0070F8B6 /* PreworkTests */ = {
			isa = PBXNativeTarget;
			buildConfigurationList = 3AFB838C25B8DFAA0070F8B6 /* Build configuration list for PBXNativeTarget "PreworkTests" */;
			buildPhases = (
				3AFB837125B8DFAA0070F8B6 /* Sources */,
				3AFB837225B8DFAA0070F8B6 /* Frameworks */,
				3AFB837325B8DFAA0070F8B6 /* Resources */,
			);
			buildRules = (
			);
			dependencies = (
				3AFB837725B8DFAA0070F8B6 /* PBXTargetDependency */,
			);
			name = PreworkTests;
			productName = PreworkTests;
			productReference = 3AFB837525B8DFAA0070F8B6 /* PreworkTests.xctest */;
			productType = "com.apple.product-type.bundle.unit-test";
		};
		3AFB837F25B8DFAA0070F8B6 /* PreworkUITests */ = {
			isa = PBXNativeTarget;
			buildConfigurationList = 3AFB838F25B8DFAA0070F8B6 /* Build configuration list for PBXNativeTarget "PreworkUITests" */;
			buildPhases = (
				3AFB837C25B8DFAA0070F8B6 /* Sources */,
				3AFB837D25B8DFAA0070F8B6 /* Frameworks */,
				3AFB837E25B8DFAA0070F8B6 /* Resources */,
			);
			buildRules = (
			);
			dependencies = (
				3AFB838225B8DFAA0070F8B6 /* PBXTargetDependency */,
			);
			name = PreworkUITests;
			productName = PreworkUITests;
			productReference = 3AFB838025B8DFAA0070F8B6 /* PreworkUITests.xctest */;
			productType = "com.apple.product-type.bundle.ui-testing";
		};
/* End PBXNativeTarget section */

/* Begin PBXProject section */
		3AFB835725B8DFA60070F8B6 /* Project object */ = {
			isa = PBXProject;
			attributes = {
				LastSwiftUpdateCheck = 1230;
				LastUpgradeCheck = 1230;
				TargetAttributes = {
					3AFB835E25B8DFA60070F8B6 = {
						CreatedOnToolsVersion = 12.3;
					};
					3AFB837425B8DFAA0070F8B6 = {
						CreatedOnToolsVersion = 12.3;
						TestTargetID = 3AFB835E25B8DFA60070F8B6;
					};
					3AFB837F25B8DFAA0070F8B6 = {
						CreatedOnToolsVersion = 12.3;
						TestTargetID = 3AFB835E25B8DFA60070F8B6;
					};
				};
			};
			buildConfigurationList = 3AFB835A25B8DFA60070F8B6 /* Build configuration list for PBXProject "Prework" */;
			compatibilityVersion = "Xcode 9.3";
			developmentRegion = en;
			hasScannedForEncodings = 0;
			knownRegions = (
				en,
				Base,
			);
			mainGroup = 3AFB835625B8DFA60070F8B6;
			productRefGroup = 3AFB836025B8DFA60070F8B6 /* Products */;
			projectDirPath = "";
			projectRoot = "";
			targets = (
				3AFB835E25B8DFA60070F8B6 /* Prework */,
				3AFB837425B8DFAA0070F8B6 /* PreworkTests */,
				3AFB837F25B8DFAA0070F8B6 /* PreworkUITests */,
			);
		};
/* End PBXProject section */

/* Begin PBXResourcesBuildPhase section */
		3AFB835D25B8DFA60070F8B6 /* Resources */ = {
			isa = PBXResourcesBuildPhase;
			buildActionMask = 2147483647;
			files = (
				3AFB836F25B8DFAA0070F8B6 /* LaunchScreen.storyboard in Resources */,
				3AFB836C25B8DFAA0070F8B6 /* Assets.xcassets in Resources */,
				3AFB836A25B8DFA60070F8B6 /* Main.storyboard in Resources */,
			);
			runOnlyForDeploymentPostprocessing = 0;
		};
		3AFB837325B8DFAA0070F8B6 /* Resources */ = {
			isa = PBXResourcesBuildPhase;
			buildActionMask = 2147483647;
			files = (
			);
			runOnlyForDeploymentPostprocessing = 0;
		};
		3AFB837E25B8DFAA0070F8B6 /* Resources */ = {
			isa = PBXResourcesBuildPhase;
			buildActionMask = 2147483647;
			files = (
			);
			runOnlyForDeploymentPostprocessing = 0;
		};
/* End PBXResourcesBuildPhase section */

/* Begin PBXSourcesBuildPhase section */
		3AFB835B25B8DFA60070F8B6 /* Sources */ = {
			isa = PBXSourcesBuildPhase;
			buildActionMask = 2147483647;
			files = (
				3AFB836725B8DFA60070F8B6 /* ViewController.swift in Sources */,
				3AFB836325B8DFA60070F8B6 /* AppDelegate.swift in Sources */,
				3AFB836525B8DFA60070F8B6 /* SceneDelegate.swift in Sources */,
			);
			runOnlyForDeploymentPostprocessing = 0;
		};
		3AFB837125B8DFAA0070F8B6 /* Sources */ = {
			isa = PBXSourcesBuildPhase;
			buildActionMask = 2147483647;
			files = (
				3AFB837A25B8DFAA0070F8B6 /* PreworkTests.swift in Sources */,
			);
			runOnlyForDeploymentPostprocessing = 0;
		};
		3AFB837C25B8DFAA0070F8B6 /* Sources */ = {
			isa = PBXSourcesBuildPhase;
			buildActionMask = 2147483647;
			files = (
				3AFB838525B8DFAA0070F8B6 /* PreworkUITests.swift in Sources */,
			);
			runOnlyForDeploymentPostprocessing = 0;
		};
/* End PBXSourcesBuildPhase section */

/* Begin PBXTargetDependency section */
		3AFB837725B8DFAA0070F8B6 /* PBXTargetDependency */ = {
			isa = PBXTargetDependency;
			target = 3AFB835E25B8DFA60070F8B6 /* Prework */;
			targetProxy = 3AFB837625B8DFAA0070F8B6 /* PBXContainerItemProxy */;
		};
		3AFB838225B8DFAA0070F8B6 /* PBXTargetDependency */ = {
			isa = PBXTargetDependency;
			target = 3AFB835E25B8DFA60070F8B6 /* Prework */;
			targetProxy = 3AFB838125B8DFAA0070F8B6 /* PBXContainerItemProxy */;
		};
/* End PBXTargetDependency section */

/* Begin PBXVariantGroup section */
		3AFB836825B8DFA60070F8B6 /* Main.storyboard */ = {
			isa = PBXVariantGroup;
			children = (
				3AFB836925B8DFA60070F8B6 /* Base */,
			);
			name = Main.storyboard;
			sourceTree = "<group>";
		};
		3AFB836D25B8DFAA0070F8B6 /* LaunchScreen.storyboard */ = {
			isa = PBXVariantGroup;
			children = (
				3AFB836E25B8DFAA0070F8B6 /* Base */,
			);
			name = LaunchScreen.storyboard;
			sourceTree = "<group>";
		};
/* End PBXVariantGroup section */

/* Begin XCBuildConfiguration section */
		3AFB838725B8DFAA0070F8B6 /* Debug */ = {
			isa = XCBuildConfiguration;
			buildSettings = {
				ALWAYS_SEARCH_USER_PATHS = NO;
				CLANG_ANALYZER_NONNULL = YES;
				CLANG_ANALYZER_NUMBER_OBJECT_CONVERSION = YES_AGGRESSIVE;
				CLANG_CXX_LANGUAGE_STANDARD = "gnu++14";
				CLANG_CXX_LIBRARY = "libc++";
				CLANG_ENABLE_MODULES = YES;
				CLANG_ENABLE_OBJC_ARC = YES;
				CLANG_ENABLE_OBJC_WEAK = YES;
				CLANG_WARN_BLOCK_CAPTURE_AUTORELEASING = YES;
				CLANG_WARN_BOOL_CONVERSION = YES;
				CLANG_WARN_COMMA = YES;
				CLANG_WARN_CONSTANT_CONVERSION = YES;
				CLANG_WARN_DEPRECATED_OBJC_IMPLEMENTATIONS = YES;
				CLANG_WARN_DIRECT_OBJC_ISA_USAGE = YES_ERROR;
				CLANG_WARN_DOCUMENTATION_COMMENTS = YES;
				CLANG_WARN_EMPTY_BODY = YES;
				CLANG_WARN_ENUM_CONVERSION = YES;
				CLANG_WARN_INFINITE_RECURSION = YES;
				CLANG_WARN_INT_CONVERSION = YES;
				CLANG_WARN_NON_LITERAL_NULL_CONVERSION = YES;
				CLANG_WARN_OBJC_IMPLICIT_RETAIN_SELF = YES;
				CLANG_WARN_OBJC_LITERAL_CONVERSION = YES;
				CLANG_WARN_OBJC_ROOT_CLASS = YES_ERROR;
				CLANG_WARN_QUOTED_INCLUDE_IN_FRAMEWORK_HEADER = YES;
				CLANG_WARN_RANGE_LOOP_ANALYSIS = YES;
				CLANG_WARN_STRICT_PROTOTYPES = YES;
				CLANG_WARN_SUSPICIOUS_MOVE = YES;
				CLANG_WARN_UNGUARDED_AVAILABILITY = YES_AGGRESSIVE;
				CLANG_WARN_UNREACHABLE_CODE = YES;
				CLANG_WARN__DUPLICATE_METHOD_MATCH = YES;
				COPY_PHASE_STRIP = NO;
				DEBUG_INFORMATION_FORMAT = dwarf;
				ENABLE_STRICT_OBJC_MSGSEND = YES;
				ENABLE_TESTABILITY = YES;
				GCC_C_LANGUAGE_STANDARD = gnu11;
				GCC_DYNAMIC_NO_PIC = NO;
				GCC_NO_COMMON_BLOCKS = YES;
				GCC_OPTIMIZATION_LEVEL = 0;
				GCC_PREPROCESSOR_DEFINITIONS = (
					"DEBUG=1",
					"$(inherited)",
				);
				GCC_WARN_64_TO_32_BIT_CONVERSION = YES;
				GCC_WARN_ABOUT_RETURN_TYPE = YES_ERROR;
				GCC_WARN_UNDECLARED_SELECTOR = YES;
				GCC_WARN_UNINITIALIZED_AUTOS = YES_AGGRESSIVE;
				GCC_WARN_UNUSED_FUNCTION = YES;
				GCC_WARN_UNUSED_VARIABLE = YES;
				IPHONEOS_DEPLOYMENT_TARGET = 14.3;
				MTL_ENABLE_DEBUG_INFO = INCLUDE_SOURCE;
				MTL_FAST_MATH = YES;
				ONLY_ACTIVE_ARCH = YES;
				SDKROOT = iphoneos;
				SWIFT_ACTIVE_COMPILATION_CONDITIONS = DEBUG;
				SWIFT_OPTIMIZATION_LEVEL = "-Onone";
			};
			name = Debug;
		};
		3AFB838825B8DFAA0070F8B6 /* Release */ = {
			isa = XCBuildConfiguration;
			buildSettings = {
				ALWAYS_SEARCH_USER_PATHS = NO;
				CLANG_ANALYZER_NONNULL = YES;
				CLANG_ANALYZER_NUMBER_OBJECT_CONVERSION = YES_AGGRESSIVE;
				CLANG_CXX_LANGUAGE_STANDARD = "gnu++14";
				CLANG_CXX_LIBRARY = "libc++";
				CLANG_ENABLE_MODULES = YES;
				CLANG_ENABLE_OBJC_ARC = YES;
				CLANG_ENABLE_OBJC_WEAK = YES;
				CLANG_WARN_BLOCK_CAPTURE_AUTORELEASING = YES;
				CLANG_WARN_BOOL_CONVERSION = YES;
				CLANG_WARN_COMMA = YES;
				CLANG_WARN_CONSTANT_CONVERSION = YES;
				CLANG_WARN_DEPRECATED_OBJC_IMPLEMENTATIONS = YES;
				CLANG_WARN_DIRECT_OBJC_ISA_USAGE = YES_ERROR;
				CLANG_WARN_DOCUMENTATION_COMMENTS = YES;
				CLANG_WARN_EMPTY_BODY = YES;
				CLANG_WARN_ENUM_CONVERSION = YES;
				CLANG_WARN_INFINITE_RECURSION = YES;
				CLANG_WARN_INT_CONVERSION = YES;
				CLANG_WARN_NON_LITERAL_NULL_CONVERSION = YES;
				CLANG_WARN_OBJC_IMPLICIT_RETAIN_SELF = YES;
				CLANG_WARN_OBJC_LITERAL_CONVERSION = YES;
				CLANG_WARN_OBJC_ROOT_CLASS = YES_ERROR;
				CLANG_WARN_QUOTED_INCLUDE_IN_FRAMEWORK_HEADER = YES;
				CLANG_WARN_RANGE_LOOP_ANALYSIS = YES;
				CLANG_WARN_STRICT_PROTOTYPES = YES;
				CLANG_WARN_SUSPICIOUS_MOVE = YES;
				CLANG_WARN_UNGUARDED_AVAILABILITY = YES_AGGRESSIVE;
				CLANG_WARN_UNREACHABLE_CODE = YES;
				CLANG_WARN__DUPLICATE_METHOD_MATCH = YES;
				COPY_PHASE_STRIP = NO;
				DEBUG_INFORMATION_FORMAT = "dwarf-with-dsym";
				ENABLE_NS_ASSERTIONS = NO;
				ENABLE_STRICT_OBJC_MSGSEND = YES;
				GCC_C_LANGUAGE_STANDARD = gnu11;
				GCC_NO_COMMON_BLOCKS = YES;
				GCC_WARN_64_TO_32_BIT_CONVERSION = YES;
				GCC_WARN_ABOUT_RETURN_TYPE = YES_ERROR;
				GCC_WARN_UNDECLARED_SELECTOR = YES;
				GCC_WARN_UNINITIALIZED_AUTOS = YES_AGGRESSIVE;
				GCC_WARN_UNUSED_FUNCTION = YES;
				GCC_WARN_UNUSED_VARIABLE = YES;
				IPHONEOS_DEPLOYMENT_TARGET = 14.3;
				MTL_ENABLE_DEBUG_INFO = NO;
				MTL_FAST_MATH = YES;
				SDKROOT = iphoneos;
				SWIFT_COMPILATION_MODE = wholemodule;
				SWIFT_OPTIMIZATION_LEVEL = "-O";
				VALIDATE_PRODUCT = YES;
			};
			name = Release;
		};
		3AFB838A25B8DFAA0070F8B6 /* Debug */ = {
			isa = XCBuildConfiguration;
			buildSettings = {
				ASSETCATALOG_COMPILER_APPICON_NAME = AppIcon;
				ASSETCATALOG_COMPILER_GLOBAL_ACCENT_COLOR_NAME = AccentColor;
				CODE_SIGN_STYLE = Automatic;
				INFOPLIST_FILE = Prework/Info.plist;
				LD_RUNPATH_SEARCH_PATHS = (
					"$(inherited)",
					"@executable_path/Frameworks",
				);
				PRODUCT_BUNDLE_IDENTIFIER = memo.com.Prework;
				PRODUCT_NAME = "$(TARGET_NAME)";
				SWIFT_VERSION = 5.0;
				TARGETED_DEVICE_FAMILY = "1,2";
			};
			name = Debug;
		};
		3AFB838B25B8DFAA0070F8B6 /* Release */ = {
			isa = XCBuildConfiguration;
			buildSettings = {
				ASSETCATALOG_COMPILER_APPICON_NAME = AppIcon;
				ASSETCATALOG_COMPILER_GLOBAL_ACCENT_COLOR_NAME = AccentColor;
				CODE_SIGN_STYLE = Automatic;
				INFOPLIST_FILE = Prework/Info.plist;
				LD_RUNPATH_SEARCH_PATHS = (
					"$(inherited)",
					"@executable_path/Frameworks",
				);
				PRODUCT_BUNDLE_IDENTIFIER = memo.com.Prework;
				PRODUCT_NAME = "$(TARGET_NAME)";
				SWIFT_VERSION = 5.0;
				TARGETED_DEVICE_FAMILY = "1,2";
			};
			name = Release;
		};
		3AFB838D25B8DFAA0070F8B6 /* Debug */ = {
			isa = XCBuildConfiguration;
			buildSettings = {
				ALWAYS_EMBED_SWIFT_STANDARD_LIBRARIES = YES;
				BUNDLE_LOADER = "$(TEST_HOST)";
				CODE_SIGN_STYLE = Automatic;
				INFOPLIST_FILE = PreworkTests/Info.plist;
				IPHONEOS_DEPLOYMENT_TARGET = 14.3;
				LD_RUNPATH_SEARCH_PATHS = (
					"$(inherited)",
					"@executable_path/Frameworks",
					"@loader_path/Frameworks",
				);
				PRODUCT_BUNDLE_IDENTIFIER = memo.com.PreworkTests;
				PRODUCT_NAME = "$(TARGET_NAME)";
				SWIFT_VERSION = 5.0;
				TARGETED_DEVICE_FAMILY = "1,2";
				TEST_HOST = "$(BUILT_PRODUCTS_DIR)/Prework.app/Prework";
			};
			name = Debug;
		};
		3AFB838E25B8DFAA0070F8B6 /* Release */ = {
			isa = XCBuildConfiguration;
			buildSettings = {
				ALWAYS_EMBED_SWIFT_STANDARD_LIBRARIES = YES;
				BUNDLE_LOADER = "$(TEST_HOST)";
				CODE_SIGN_STYLE = Automatic;
				INFOPLIST_FILE = PreworkTests/Info.plist;
				IPHONEOS_DEPLOYMENT_TARGET = 14.3;
				LD_RUNPATH_SEARCH_PATHS = (
					"$(inherited)",
					"@executable_path/Frameworks",
					"@loader_path/Frameworks",
				);
				PRODUCT_BUNDLE_IDENTIFIER = memo.com.PreworkTests;
				PRODUCT_NAME = "$(TARGET_NAME)";
				SWIFT_VERSION = 5.0;
				TARGETED_DEVICE_FAMILY = "1,2";
				TEST_HOST = "$(BUILT_PRODUCTS_DIR)/Prework.app/Prework";
			};
			name = Release;
		};
		3AFB839025B8DFAA0070F8B6 /* Debug */ = {
			isa = XCBuildConfiguration;
			buildSettings = {
				ALWAYS_EMBED_SWIFT_STANDARD_LIBRARIES = YES;
				CODE_SIGN_STYLE = Automatic;
				INFOPLIST_FILE = PreworkUITests/Info.plist;
				LD_RUNPATH_SEARCH_PATHS = (
					"$(inherited)",
					"@executable_path/Frameworks",
					"@loader_path/Frameworks",
				);
				PRODUCT_BUNDLE_IDENTIFIER = memo.com.PreworkUITests;
				PRODUCT_NAME = "$(TARGET_NAME)";
				SWIFT_VERSION = 5.0;
				TARGETED_DEVICE_FAMILY = "1,2";
				TEST_TARGET_NAME = Prework;
			};
			name = Debug;
		};
		3AFB839125B8DFAA0070F8B6 /* Release */ = {
			isa = XCBuildConfiguration;
			buildSettings = {
				ALWAYS_EMBED_SWIFT_STANDARD_LIBRARIES = YES;
				CODE_SIGN_STYLE = Automatic;
				INFOPLIST_FILE = PreworkUITests/Info.plist;
				LD_RUNPATH_SEARCH_PATHS = (
					"$(inherited)",
					"@executable_path/Frameworks",
					"@loader_path/Frameworks",
				);
				PRODUCT_BUNDLE_IDENTIFIER = memo.com.PreworkUITests;
				PRODUCT_NAME = "$(TARGET_NAME)";
				SWIFT_VERSION = 5.0;
				TARGETED_DEVICE_FAMILY = "1,2";
				TEST_TARGET_NAME = Prework;
			};
			name = Release;
		};
/* End XCBuildConfiguration section */

/* Begin XCConfigurationList section */
		3AFB835A25B8DFA60070F8B6 /* Build configuration list for PBXProject "Prework" */ = {
			isa = XCConfigurationList;
			buildConfigurations = (
				3AFB838725B8DFAA0070F8B6 /* Debug */,
				3AFB838825B8DFAA0070F8B6 /* Release */,
			);
			defaultConfigurationIsVisible = 0;
			defaultConfigurationName = Release;
		};
		3AFB838925B8DFAA0070F8B6 /* Build configuration list for PBXNativeTarget "Prework" */ = {
			isa = XCConfigurationList;
			buildConfigurations = (
				3AFB838A25B8DFAA0070F8B6 /* Debug */,
				3AFB838B25B8DFAA0070F8B6 /* Release */,
			);
			defaultConfigurationIsVisible = 0;
			defaultConfigurationName = Release;
		};
		3AFB838C25B8DFAA0070F8B6 /* Build configuration list for PBXNativeTarget "PreworkTests" */ = {
			isa = XCConfigurationList;
			buildConfigurations = (
				3AFB838D25B8DFAA0070F8B6 /* Debug */,
				3AFB838E25B8DFAA0070F8B6 /* Release */,
			);
			defaultConfigurationIsVisible = 0;
			defaultConfigurationName = Release;
		};
		3AFB838F25B8DFAA0070F8B6 /* Build configuration list for PBXNativeTarget "PreworkUITests" */ = {
			isa = XCConfigurationList;
			buildConfigurations = (
				3AFB839025B8DFAA0070F8B6 /* Debug */,
				3AFB839125B8DFAA0070F8B6 /* Release */,
			);
			defaultConfigurationIsVisible = 0;
			defaultConfigurationName = Release;
		};
/* End XCConfigurationList section */
	};
	rootObject = 3AFB835725B8DFA60070F8B6 /* Project object */;
}
